
Microsoft Visual Studio Solution File, Format Version 12.00
# Visual Studio Version 16
VisualStudioVersion = 16.0.28803.156
MinimumVisualStudioVersion = 10.0.40219.1
Project("{FAE04EC0-301F-11D3-BF4B-00C04F79EFBC}") = "AppTest", "AppTest\AppTest.csproj", "{75236D6D-9BB7-4501-BA4B-6B035AAB6F37}"
EndProject
Global
	GlobalSection(SolutionConfigurationPlatforms) = preSolution
		Debug|Any CPU = Debug|Any CPU
		Release|Any CPU = Release|Any CPU
	EndGlobalSection
	GlobalSection(ProjectConfigurationPlatforms) = postSolution
		{75236D6D-9BB7-4501-BA4B-6B035AAB6F37}.Debug|Any CPU.ActiveCfg = Debug|Any CPU
		{75236D6D-9BB7-4501-BA4B-6B035AAB6F37}.Debug|Any CPU.Build.0 = Debug|Any CPU
		{75236D6D-9BB7-4501-BA4B-6B035AAB6F37}.Release|Any CPU.ActiveCfg = Release|Any CPU
		{75236D6D-9BB7-4501-BA4B-6B035AAB6F37}.Release|Any CPU.Build.0 = Release|Any CPU
	EndGlobalSection
	GlobalSection(SolutionProperties) = preSolution
		HideSolutionNode = FALSE
	EndGlobalSection
	GlobalSection(ExtensibilityGlobals) = postSolution
		SolutionGuid = {DF8E8B87-9151-448A-BDB0-2631EED24E1D}
	EndGlobalSection
EndGlobal
